<?xml version="1.0" encoding="utf-8"?>
<Project ToolsVersion="4.0" xmlns="http://schemas.microsoft.com/developer/msbuild/2003">
  <ItemGroup>
    <Filter Include="Source Files">
      <UniqueIdentifier>{4FC737F1-C7A5-4376-A066-2A32D752A2FF}</UniqueIdentifier>
      <Extensions>cpp;c;cc;cxx;c++;cppm;ixx;def;odl;idl;hpj;bat;asm;asmx</Extensions>
    </Filter>
    <Filter Include="Header Files">
      <UniqueIdentifier>{93995380-89BD-4b04-88EB-625FBE52EBFB}</UniqueIdentifier>
      <Extensions>h;hh;hpp;hxx;h++;hm;inl;inc;ipp;xsd</Extensions>
    </Filter>
    <Filter Include="Resource Files">
      <UniqueIdentifier>{67DA6AB6-F800-4c08-8B7A-83BB121AAD01}</UniqueIdentifier>
      <Extensions>rc;ico;cur;bmp;dlg;rc2;rct;bin;rgs;gif;jpg;jpeg;jpe;resx;tiff;tif;png;wav;mfcribbon-ms</Extensions>
    </Filter>
  </ItemGroup>
  <ItemGroup>
    <ClCompile Include="colord_api.cpp">
      <Filter>Source Files</Filter>
    </ClCompile>
    <ClCompile Include="..\colord\archive.cpp">
      <Filter>Source Files</Filter>
    </ClCompile>
    <ClCompile Include="..\colord\decompression_common.cpp">
      <Filter>Source Files</Filter>
    </ClCompile>
    <ClCompile Include="..\colord\reference_genome.cpp">
      <Filter>Source Files</Filter>
    </ClCompile>
    <ClCompile Include="..\colord\quality_coder.cpp">
      <Filter>Source Files</Filter>
    </ClCompile>
    <ClCompile Include="..\colord\quality_coder_impl.cpp">
      <Filter>Source Files</Filter>
    </ClCompile>
    <ClCompile Include="..\colord\entr_header.cpp">
      <Filter>Source Files</Filter>
    </ClCompile>
    <ClCompile Include="..\colord\utils.cpp">
      <Filter>Source Files</Filter>
    </ClCompile>
    <ClCompile Include="..\colord\dna_coder.cpp">
      <Filter>Source Files</Filter>
    </ClCompile>
    <ClCompile Include="..\colord\id_coder.cpp">
      <Filter>Source Files</Filter>
    </ClCompile>
    <ClCompile Include="..\colord\libs\md5\md5.c">
      <Filter>Source Files</Filter>
    </ClCompile>
  </ItemGroup>
  <ItemGroup>
    <ClInclude Include="colord_api.h">
      <Filter>Header Files</Filter>
    </ClInclude>
  </ItemGroup>
  <ItemGroup>
    <Library Include="..\common\libs\zlib\zlibstat.lib" />
  </ItemGroup>
</Project>